
Microsoft Visual Studio Solution File, Format Version 12.00
# Visual Studio Version 16
VisualStudioVersion = 16.0.31911.196
MinimumVisualStudioVersion = 10.0.40219.1
Project("{FAE04EC0-301F-11D3-BF4B-00C04F79EFBC}") = "Primer y SegundoMenor", "Primer y SegundoMenor\Primer y SegundoMenor.csproj", "{A3B56F21-97E7-4911-9677-EEE3FA384AFF}"
EndProject
Global
	GlobalSection(SolutionConfigurationPlatforms) = preSolution
		Debug|Any CPU = Debug|Any CPU
		Release|Any CPU = Release|Any CPU
	EndGlobalSection
	GlobalSection(ProjectConfigurationPlatforms) = postSolution
		{A3B56F21-97E7-4911-9677-EEE3FA384AFF}.Debug|Any CPU.ActiveCfg = Debug|Any CPU
		{A3B56F21-97E7-4911-9677-EEE3FA384AFF}.Debug|Any CPU.Build.0 = Debug|Any CPU
		{A3B56F21-97E7-4911-9677-EEE3FA384AFF}.Release|Any CPU.ActiveCfg = Release|Any CPU
		{A3B56F21-97E7-4911-9677-EEE3FA384AFF}.Release|Any CPU.Build.0 = Release|Any CPU
	EndGlobalSection
	GlobalSection(SolutionProperties) = preSolution
		HideSolutionNode = FALSE
	EndGlobalSection
	GlobalSection(ExtensibilityGlobals) = postSolution
		SolutionGuid = {DA570D42-1091-45D4-AACE-EB8C3AB773B3}
	EndGlobalSection
EndGlobal
